// !$*UTF8*$!
{
	archiveVersion = 1;
	classes = {
	};
	objectVersion = 46;
	objects = {

/* Begin PBXBuildFile section */
		59C8C5CE498C4E17A9EA81C9 /* libPods.a in Frameworks */ = {isa = PBXBuildFile; fileRef = DEAA98BF6EFB4EE097B6E47D /* libPods.a */; };
		AA28D04D13B966252C088E09 /* TMMenuController.m in Sources */ = {isa = PBXBuildFile; fileRef = AA28DDC3AB4C8212300E0E91 /* TMMenuController.m */; };
		AA28D0598F5172114000C995 /* TMBOPartner.m in Sources */ = {isa = PBXBuildFile; fileRef = AA28D754246F79DF2FC2945D /* TMBOPartner.m */; };
		AA28D187C720A197731FD5BF /* eNewer.xcdatamodel in Sources */ = {isa = PBXBuildFile; fileRef = AA28D314B702AEEA1E6172A3 /* eNewer.xcdatamodel */; };
		AA28D1AE52CAA0AF63E52953 /* planet.png in Resources */ = {isa = PBXBuildFile; fileRef = AA28DBA46EE1636FDDA98A81 /* planet.png */; };
		AA28D2B3B5BAF5E762E580AD /* planet@2x.png in Resources */ = {isa = PBXBuildFile; fileRef = AA28DD7C290EAF2A7B49F970 /* planet@2x.png */; };
		AA28D6C8C4B2D3C419730085 /* TMBOGeoPosition.m in Sources */ = {isa = PBXBuildFile; fileRef = AA28DDC2089549E38DCAEA90 /* TMBOGeoPosition.m */; };
		AA28D84CAB8FF504C94ECE2A /* news.png in Resources */ = {isa = PBXBuildFile; fileRef = AA28DACB0B0F5D38B5978947 /* news.png */; };
		AA28D879F085E4AA3854A544 /* places@2x.png in Resources */ = {isa = PBXBuildFile; fileRef = AA28DB3A7D58A82C7CA889CE /* places@2x.png */; };
		AA28D89F3FB75AA868863E26 /* TMBONews.m in Sources */ = {isa = PBXBuildFile; fileRef = AA28D3567350D53E2A8D0FD6 /* TMBONews.m */; };
		AA28D91C39B0C572CC336484 /* news@2x.png in Resources */ = {isa = PBXBuildFile; fileRef = AA28D2CEC77FA63678FAB79A /* news@2x.png */; };
		AA28DA3BAF742C4AB6B3186B /* places.png in Resources */ = {isa = PBXBuildFile; fileRef = AA28D38F9194FC7B1D207BEF /* places.png */; };
		AA28DB4D6E27CF95A178EB5C /* TMMenuController.xib in Resources */ = {isa = PBXBuildFile; fileRef = AA28D13E44BBFC649778EC0B /* TMMenuController.xib */; };
		D320237717A528B7000F5B1E /* UIKit.framework in Frameworks */ = {isa = PBXBuildFile; fileRef = D320237617A528B7000F5B1E /* UIKit.framework */; };
		D320237917A528B7000F5B1E /* Foundation.framework in Frameworks */ = {isa = PBXBuildFile; fileRef = D320237817A528B7000F5B1E /* Foundation.framework */; };
		D320237B17A528B7000F5B1E /* CoreGraphics.framework in Frameworks */ = {isa = PBXBuildFile; fileRef = D320237A17A528B7000F5B1E /* CoreGraphics.framework */; };
		D320237D17A528B7000F5B1E /* CoreData.framework in Frameworks */ = {isa = PBXBuildFile; fileRef = D320237C17A528B7000F5B1E /* CoreData.framework */; };
		D320238317A528B7000F5B1E /* InfoPlist.strings in Resources */ = {isa = PBXBuildFile; fileRef = D320238117A528B7000F5B1E /* InfoPlist.strings */; };
		D320238517A528B7000F5B1E /* main.m in Sources */ = {isa = PBXBuildFile; fileRef = D320238417A528B7000F5B1E /* main.m */; };
		D320238B17A528B7000F5B1E /* Default.png in Resources */ = {isa = PBXBuildFile; fileRef = D320238A17A528B7000F5B1E /* Default.png */; };
		D320238D17A528B7000F5B1E /* Default@2x.png in Resources */ = {isa = PBXBuildFile; fileRef = D320238C17A528B7000F5B1E /* Default@2x.png */; };
		D320238F17A528B7000F5B1E /* Default-568h@2x.png in Resources */ = {isa = PBXBuildFile; fileRef = D320238E17A528B7000F5B1E /* Default-568h@2x.png */; };
		D3751BE117A56FC100C58FE3 /* MobileCoreServices.framework in Frameworks */ = {isa = PBXBuildFile; fileRef = D3751BE017A56FC100C58FE3 /* MobileCoreServices.framework */; };
		D3751BE317A56FDD00C58FE3 /* SystemConfiguration.framework in Frameworks */ = {isa = PBXBuildFile; fileRef = D3751BE217A56FDD00C58FE3 /* SystemConfiguration.framework */; };
		D3751BE717A5736900C58FE3 /* TMAppDelegate.m in Sources */ = {isa = PBXBuildFile; fileRef = D3751BE617A5736900C58FE3 /* TMAppDelegate.m */; };
		D3751BED17A57CE300C58FE3 /* TMRestKitManager.m in Sources */ = {isa = PBXBuildFile; fileRef = D3751BEC17A57CE300C58FE3 /* TMRestKitManager.m */; };
		D3751BF217A5832F00C58FE3 /* TMMainTransaction.m in Sources */ = {isa = PBXBuildFile; fileRef = D3751BF117A5832F00C58FE3 /* TMMainTransaction.m */; };
		D3751BFA17A5873800C58FE3 /* TMCommonDataSource.m in Sources */ = {isa = PBXBuildFile; fileRef = D3751BF917A5873800C58FE3 /* TMCommonDataSource.m */; };
		D3751BFE17A5882F00C58FE3 /* TMBaseDataProvider.m in Sources */ = {isa = PBXBuildFile; fileRef = D3751BFD17A5882F00C58FE3 /* TMBaseDataProvider.m */; };
		D3751C0117A5890000C58FE3 /* TMBaseCell.m in Sources */ = {isa = PBXBuildFile; fileRef = D3751C0017A5890000C58FE3 /* TMBaseCell.m */; };
		D3751C0417A58A5D00C58FE3 /* TMMenuCell.m in Sources */ = {isa = PBXBuildFile; fileRef = D3751C0317A58A5D00C58FE3 /* TMMenuCell.m */; };
		D3751C0617A58ADB00C58FE3 /* TMMenuCell.xib in Resources */ = {isa = PBXBuildFile; fileRef = D3751C0517A58ADB00C58FE3 /* TMMenuCell.xib */; };
		D3751C1917A5952200C58FE3 /* TMTableBasedController.m in Sources */ = {isa = PBXBuildFile; fileRef = D3751C1817A5952200C58FE3 /* TMTableBasedController.m */; };
		D3751C1C17A599A100C58FE3 /* TMMenuDataProvider.m in Sources */ = {isa = PBXBuildFile; fileRef = D3751C1B17A599A100C58FE3 /* TMMenuDataProvider.m */; };
		D3751C1F17A5A37E00C58FE3 /* TMMenuTransaction.m in Sources */ = {isa = PBXBuildFile; fileRef = D3751C1E17A5A37E00C58FE3 /* TMMenuTransaction.m */; };
		D3751C2217A5A69A00C58FE3 /* TMNewsController.m in Sources */ = {isa = PBXBuildFile; fileRef = D3751C2117A5A69A00C58FE3 /* TMNewsController.m */; };
		D3751C2517A5A6BA00C58FE3 /* TMNewsCell.m in Sources */ = {isa = PBXBuildFile; fileRef = D3751C2417A5A6BA00C58FE3 /* TMNewsCell.m */; };
		D3751C2717A5ABC600C58FE3 /* TMNewsCell.xib in Resources */ = {isa = PBXBuildFile; fileRef = D3751C2617A5ABC600C58FE3 /* TMNewsCell.xib */; };
		D3751C2A17A5AF5C00C58FE3 /* TMNewsDataProvider.m in Sources */ = {isa = PBXBuildFile; fileRef = D3751C2917A5AF5C00C58FE3 /* TMNewsDataProvider.m */; };
		D3751C2C17A5AFAC00C58FE3 /* TMNewsController.xib in Resources */ = {isa = PBXBuildFile; fileRef = D3751C2B17A5AFAC00C58FE3 /* TMNewsController.xib */; };
		D3751C2F17A5B05D00C58FE3 /* TMNewsTransaction.m in Sources */ = {isa = PBXBuildFile; fileRef = D3751C2E17A5B05D00C58FE3 /* TMNewsTransaction.m */; };
		D3751C3217A5B41700C58FE3 /* TMPlacesTransaction.m in Sources */ = {isa = PBXBuildFile; fileRef = D3751C3117A5B41700C58FE3 /* TMPlacesTransaction.m */; };
		D3751C3517A5B58A00C58FE3 /* TMAPIProvider.m in Sources */ = {isa = PBXBuildFile; fileRef = D3751C3417A5B58A00C58FE3 /* TMAPIProvider.m */; };
		D3751C3A17A633A000C58FE3 /* TMNewsDetailsController.m in Sources */ = {isa = PBXBuildFile; fileRef = D3751C3817A633A000C58FE3 /* TMNewsDetailsController.m */; };
		D3751C3B17A633A000C58FE3 /* TMNewsDetailsController.xib in Resources */ = {isa = PBXBuildFile; fileRef = D3751C3917A633A000C58FE3 /* TMNewsDetailsController.xib */; };
		D3751C3E17A6354700C58FE3 /* TMStandardErrorHandler.m in Sources */ = {isa = PBXBuildFile; fileRef = D3751C3D17A6354700C58FE3 /* TMStandardErrorHandler.m */; };
		D3751C4117A63CC200C58FE3 /* TMNewsDetailsTransaction.m in Sources */ = {isa = PBXBuildFile; fileRef = D3751C4017A63CC200C58FE3 /* TMNewsDetailsTransaction.m */; };
		D3751C4417A63FED00C58FE3 /* NSString+HTML.m in Sources */ = {isa = PBXBuildFile; fileRef = D3751C4317A63FED00C58FE3 /* NSString+HTML.m */; };
		D3751C4717A6423000C58FE3 /* TMBOPlace.m in Sources */ = {isa = PBXBuildFile; fileRef = D3751C4617A6423000C58FE3 /* TMBOPlace.m */; };
		D3751C4D17A6488800C58FE3 /* TMPlacesDataProvider.m in Sources */ = {isa = PBXBuildFile; fileRef = D3751C4C17A6488800C58FE3 /* TMPlacesDataProvider.m */; };
		D3751C5117A64A4000C58FE3 /* TMPlaceListController.m in Sources */ = {isa = PBXBuildFile; fileRef = D3751C4F17A64A4000C58FE3 /* TMPlaceListController.m */; };
		D3751C5217A64A4000C58FE3 /* TMPlaceListController.xib in Resources */ = {isa = PBXBuildFile; fileRef = D3751C5017A64A4000C58FE3 /* TMPlaceListController.xib */; };
		D3751C5517A64ABF00C58FE3 /* TMNavigationBarHelper.m in Sources */ = {isa = PBXBuildFile; fileRef = D3751C5417A64ABF00C58FE3 /* TMNavigationBarHelper.m */; };
		D3751C6017A64DCE00C58FE3 /* TMPlacesCell.m in Sources */ = {isa = PBXBuildFile; fileRef = D3751C5F17A64DCE00C58FE3 /* TMPlacesCell.m */; };
		D3751C6217A64DF400C58FE3 /* TMPlacesCell.xib in Resources */ = {isa = PBXBuildFile; fileRef = D3751C6117A64DF400C58FE3 /* TMPlacesCell.xib */; };
		D3751C6517A653EC00C58FE3 /* TMMapTransaction.m in Sources */ = {isa = PBXBuildFile; fileRef = D3751C6417A653EC00C58FE3 /* TMMapTransaction.m */; };
		D3751C6817A6540100C58FE3 /* TMPlaceDetailsTransaction.m in Sources */ = {isa = PBXBuildFile; fileRef = D3751C6717A6540100C58FE3 /* TMPlaceDetailsTransaction.m */; };
		D3751C6C17A6544000C58FE3 /* TMPlaceDetailsController.m in Sources */ = {isa = PBXBuildFile; fileRef = D3751C6A17A6544000C58FE3 /* TMPlaceDetailsController.m */; };
		D3751C6D17A6544000C58FE3 /* TMPlaceDetailsController.xib in Resources */ = {isa = PBXBuildFile; fileRef = D3751C6B17A6544000C58FE3 /* TMPlaceDetailsController.xib */; };
		D3751C7117A6545A00C58FE3 /* TMMapController.m in Sources */ = {isa = PBXBuildFile; fileRef = D3751C6F17A6545A00C58FE3 /* TMMapController.m */; };
		D3751C7217A6545A00C58FE3 /* TMMapController.xib in Resources */ = {isa = PBXBuildFile; fileRef = D3751C7017A6545A00C58FE3 /* TMMapController.xib */; };
		D3751C7517A65AD100C58FE3 /* TMMapHelper.m in Sources */ = {isa = PBXBuildFile; fileRef = D3751C7417A65AD100C58FE3 /* TMMapHelper.m */; };
		D3751C7717A65B1400C58FE3 /* MapKit.framework in Frameworks */ = {isa = PBXBuildFile; fileRef = D3751C7617A65B1400C58FE3 /* MapKit.framework */; };
/* End PBXBuildFile section */

/* Begin PBXFileReference section */
		9D173F426770446C995E4153 /* Pods.xcconfig */ = {isa = PBXFileReference; includeInIndex = 1; lastKnownFileType = text.xcconfig; name = Pods.xcconfig; path = Pods/Pods.xcconfig; sourceTree = SOURCE_ROOT; };
		AA28D0101B64455C381F25D7 /* TMBONews.h */ = {isa = PBXFileReference; fileEncoding = 4; lastKnownFileType = sourcecode.c.h; path = TMBONews.h; sourceTree = "<group>"; };
		AA28D0404B427AC3FBCD8922 /* TMBOPartner.h */ = {isa = PBXFileReference; fileEncoding = 4; lastKnownFileType = sourcecode.c.h; path = TMBOPartner.h; sourceTree = "<group>"; };
		AA28D13E44BBFC649778EC0B /* TMMenuController.xib */ = {isa = PBXFileReference; lastKnownFileType = file.xib; path = TMMenuController.xib; sourceTree = "<group>"; };
		AA28D170D659A2B4694CD41C /* TMBOGeoPosition.h */ = {isa = PBXFileReference; fileEncoding = 4; lastKnownFileType = sourcecode.c.h; path = TMBOGeoPosition.h; sourceTree = "<group>"; };
		AA28D2CEC77FA63678FAB79A /* news@2x.png */ = {isa = PBXFileReference; lastKnownFileType = image.png; path = "news@2x.png"; sourceTree = "<group>"; };
		AA28D314B702AEEA1E6172A3 /* eNewer.xcdatamodel */ = {isa = PBXFileReference; lastKnownFileType = wrapper.xcdatamodel; path = eNewer.xcdatamodel; sourceTree = "<group>"; };
		AA28D3567350D53E2A8D0FD6 /* TMBONews.m */ = {isa = PBXFileReference; fileEncoding = 4; lastKnownFileType = sourcecode.c.objc; path = TMBONews.m; sourceTree = "<group>"; };
		AA28D38F9194FC7B1D207BEF /* places.png */ = {isa = PBXFileReference; lastKnownFileType = image.png; path = places.png; sourceTree = "<group>"; };
		AA28D5680B31BFD4D68A2F8C /* TMMenuController.h */ = {isa = PBXFileReference; fileEncoding = 4; lastKnownFileType = sourcecode.c.h; path = TMMenuController.h; sourceTree = "<group>"; };
		AA28D754246F79DF2FC2945D /* TMBOPartner.m */ = {isa = PBXFileReference; fileEncoding = 4; lastKnownFileType = sourcecode.c.objc; path = TMBOPartner.m; sourceTree = "<group>"; };
		AA28DACB0B0F5D38B5978947 /* news.png */ = {isa = PBXFileReference; lastKnownFileType = image.png; path = news.png; sourceTree = "<group>"; };
		AA28DB3A7D58A82C7CA889CE /* places@2x.png */ = {isa = PBXFileReference; lastKnownFileType = image.png; path = "places@2x.png"; sourceTree = "<group>"; };
		AA28DBA46EE1636FDDA98A81 /* planet.png */ = {isa = PBXFileReference; lastKnownFileType = image.png; path = planet.png; sourceTree = "<group>"; };
		AA28DD7C290EAF2A7B49F970 /* planet@2x.png */ = {isa = PBXFileReference; lastKnownFileType = image.png; path = "planet@2x.png"; sourceTree = "<group>"; };
		AA28DDC2089549E38DCAEA90 /* TMBOGeoPosition.m */ = {isa = PBXFileReference; fileEncoding = 4; lastKnownFileType = sourcecode.c.objc; path = TMBOGeoPosition.m; sourceTree = "<group>"; };
		AA28DDC3AB4C8212300E0E91 /* TMMenuController.m */ = {isa = PBXFileReference; fileEncoding = 4; lastKnownFileType = sourcecode.c.objc; path = TMMenuController.m; sourceTree = "<group>"; };
		D320237317A528B7000F5B1E /* eNewer.app */ = {isa = PBXFileReference; explicitFileType = wrapper.application; includeInIndex = 0; path = eNewer.app; sourceTree = BUILT_PRODUCTS_DIR; };
		D320237617A528B7000F5B1E /* UIKit.framework */ = {isa = PBXFileReference; lastKnownFileType = wrapper.framework; name = UIKit.framework; path = System/Library/Frameworks/UIKit.framework; sourceTree = SDKROOT; };
		D320237817A528B7000F5B1E /* Foundation.framework */ = {isa = PBXFileReference; lastKnownFileType = wrapper.framework; name = Foundation.framework; path = System/Library/Frameworks/Foundation.framework; sourceTree = SDKROOT; };
		D320237A17A528B7000F5B1E /* CoreGraphics.framework */ = {isa = PBXFileReference; lastKnownFileType = wrapper.framework; name = CoreGraphics.framework; path = System/Library/Frameworks/CoreGraphics.framework; sourceTree = SDKROOT; };
		D320237C17A528B7000F5B1E /* CoreData.framework */ = {isa = PBXFileReference; lastKnownFileType = wrapper.framework; name = CoreData.framework; path = System/Library/Frameworks/CoreData.framework; sourceTree = SDKROOT; };
		D320238017A528B7000F5B1E /* eNewer-Info.plist */ = {isa = PBXFileReference; lastKnownFileType = text.plist.xml; path = "eNewer-Info.plist"; sourceTree = "<group>"; };
		D320238217A528B7000F5B1E /* en */ = {isa = PBXFileReference; fileEncoding = 4; lastKnownFileType = text.plist.strings; name = en; path = en.lproj/InfoPlist.strings; sourceTree = "<group>"; };
		D320238417A528B7000F5B1E /* main.m */ = {isa = PBXFileReference; lastKnownFileType = sourcecode.c.objc; path = main.m; sourceTree = "<group>"; };
		D320238617A528B7000F5B1E /* eNewer-Prefix.pch */ = {isa = PBXFileReference; lastKnownFileType = sourcecode.c.h; path = "eNewer-Prefix.pch"; sourceTree = "<group>"; };
		D320238A17A528B7000F5B1E /* Default.png */ = {isa = PBXFileReference; fileEncoding = 4; lastKnownFileType = image.png; path = Default.png; sourceTree = "<group>"; };
		D320238C17A528B7000F5B1E /* Default@2x.png */ = {isa = PBXFileReference; fileEncoding = 4; lastKnownFileType = image.png; path = "Default@2x.png"; sourceTree = "<group>"; };
		D320238E17A528B7000F5B1E /* Default-568h@2x.png */ = {isa = PBXFileReference; fileEncoding = 4; lastKnownFileType = image.png; path = "Default-568h@2x.png"; sourceTree = "<group>"; };
		D3751BE017A56FC100C58FE3 /* MobileCoreServices.framework */ = {isa = PBXFileReference; lastKnownFileType = wrapper.framework; name = MobileCoreServices.framework; path = System/Library/Frameworks/MobileCoreServices.framework; sourceTree = SDKROOT; };
		D3751BE217A56FDD00C58FE3 /* SystemConfiguration.framework */ = {isa = PBXFileReference; lastKnownFileType = wrapper.framework; name = SystemConfiguration.framework; path = System/Library/Frameworks/SystemConfiguration.framework; sourceTree = SDKROOT; };
		D3751BE517A5736900C58FE3 /* TMAppDelegate.h */ = {isa = PBXFileReference; fileEncoding = 4; lastKnownFileType = sourcecode.c.h; path = TMAppDelegate.h; sourceTree = "<group>"; };
		D3751BE617A5736900C58FE3 /* TMAppDelegate.m */ = {isa = PBXFileReference; fileEncoding = 4; lastKnownFileType = sourcecode.c.objc; path = TMAppDelegate.m; sourceTree = "<group>"; };
		D3751BE817A5738F00C58FE3 /* Defines.h */ = {isa = PBXFileReference; lastKnownFileType = sourcecode.c.h; path = Defines.h; sourceTree = "<group>"; };
		D3751BE917A5769C00C58FE3 /* TMRestKitMappableModel.h */ = {isa = PBXFileReference; lastKnownFileType = sourcecode.c.h; path = TMRestKitMappableModel.h; sourceTree = "<group>"; };
		D3751BEB17A57CE300C58FE3 /* TMRestKitManager.h */ = {isa = PBXFileReference; fileEncoding = 4; lastKnownFileType = sourcecode.c.h; path = TMRestKitManager.h; sourceTree = "<group>"; };
		D3751BEC17A57CE300C58FE3 /* TMRestKitManager.m */ = {isa = PBXFileReference; fileEncoding = 4; lastKnownFileType = sourcecode.c.objc; path = TMRestKitManager.m; sourceTree = "<group>"; };
		D3751BEE17A582E300C58FE3 /* TMTransaction.h */ = {isa = PBXFileReference; lastKnownFileType = sourcecode.c.h; path = TMTransaction.h; sourceTree = "<group>"; };
		D3751BEF17A582F600C58FE3 /* TMTransactionWithObject.h */ = {isa = PBXFileReference; lastKnownFileType = sourcecode.c.h; path = TMTransactionWithObject.h; sourceTree = "<group>"; };
		D3751BF017A5832F00C58FE3 /* TMMainTransaction.h */ = {isa = PBXFileReference; fileEncoding = 4; lastKnownFileType = sourcecode.c.h; path = TMMainTransaction.h; sourceTree = "<group>"; };
		D3751BF117A5832F00C58FE3 /* TMMainTransaction.m */ = {isa = PBXFileReference; fileEncoding = 4; lastKnownFileType = sourcecode.c.objc; path = TMMainTransaction.m; sourceTree = "<group>"; };
		D3751BF817A5873800C58FE3 /* TMCommonDataSource.h */ = {isa = PBXFileReference; fileEncoding = 4; lastKnownFileType = sourcecode.c.h; path = TMCommonDataSource.h; sourceTree = "<group>"; };
		D3751BF917A5873800C58FE3 /* TMCommonDataSource.m */ = {isa = PBXFileReference; fileEncoding = 4; lastKnownFileType = sourcecode.c.objc; path = TMCommonDataSource.m; sourceTree = "<group>"; };
		D3751BFB17A587D800C58FE3 /* TMCellSelectionProtocol.h */ = {isa = PBXFileReference; lastKnownFileType = sourcecode.c.h; path = TMCellSelectionProtocol.h; sourceTree = "<group>"; };
		D3751BFC17A5882F00C58FE3 /* TMBaseDataProvider.h */ = {isa = PBXFileReference; fileEncoding = 4; lastKnownFileType = sourcecode.c.h; path = TMBaseDataProvider.h; sourceTree = "<group>"; };
		D3751BFD17A5882F00C58FE3 /* TMBaseDataProvider.m */ = {isa = PBXFileReference; fileEncoding = 4; lastKnownFileType = sourcecode.c.objc; path = TMBaseDataProvider.m; sourceTree = "<group>"; };
		D3751BFF17A5890000C58FE3 /* TMBaseCell.h */ = {isa = PBXFileReference; fileEncoding = 4; lastKnownFileType = sourcecode.c.h; path = TMBaseCell.h; sourceTree = "<group>"; };
		D3751C0017A5890000C58FE3 /* TMBaseCell.m */ = {isa = PBXFileReference; fileEncoding = 4; lastKnownFileType = sourcecode.c.objc; path = TMBaseCell.m; sourceTree = "<group>"; };
		D3751C0217A58A5D00C58FE3 /* TMMenuCell.h */ = {isa = PBXFileReference; fileEncoding = 4; lastKnownFileType = sourcecode.c.h; path = TMMenuCell.h; sourceTree = "<group>"; };
		D3751C0317A58A5D00C58FE3 /* TMMenuCell.m */ = {isa = PBXFileReference; fileEncoding = 4; lastKnownFileType = sourcecode.c.objc; path = TMMenuCell.m; sourceTree = "<group>"; };
		D3751C0517A58ADB00C58FE3 /* TMMenuCell.xib */ = {isa = PBXFileReference; fileEncoding = 4; lastKnownFileType = file.xib; path = TMMenuCell.xib; sourceTree = "<group>"; };
		D3751C1717A5952200C58FE3 /* TMTableBasedController.h */ = {isa = PBXFileReference; fileEncoding = 4; lastKnownFileType = sourcecode.c.h; path = TMTableBasedController.h; sourceTree = "<group>"; };
		D3751C1817A5952200C58FE3 /* TMTableBasedController.m */ = {isa = PBXFileReference; fileEncoding = 4; lastKnownFileType = sourcecode.c.objc; path = TMTableBasedController.m; sourceTree = "<group>"; };
		D3751C1A17A599A100C58FE3 /* TMMenuDataProvider.h */ = {isa = PBXFileReference; fileEncoding = 4; lastKnownFileType = sourcecode.c.h; path = TMMenuDataProvider.h; sourceTree = "<group>"; };
		D3751C1B17A599A100C58FE3 /* TMMenuDataProvider.m */ = {isa = PBXFileReference; fileEncoding = 4; lastKnownFileType = sourcecode.c.objc; path = TMMenuDataProvider.m; sourceTree = "<group>"; };
		D3751C1D17A5A37E00C58FE3 /* TMMenuTransaction.h */ = {isa = PBXFileReference; fileEncoding = 4; lastKnownFileType = sourcecode.c.h; path = TMMenuTransaction.h; sourceTree = "<group>"; };
		D3751C1E17A5A37E00C58FE3 /* TMMenuTransaction.m */ = {isa = PBXFileReference; fileEncoding = 4; lastKnownFileType = sourcecode.c.objc; path = TMMenuTransaction.m; sourceTree = "<group>"; };
		D3751C2017A5A69A00C58FE3 /* TMNewsController.h */ = {isa = PBXFileReference; fileEncoding = 4; lastKnownFileType = sourcecode.c.h; path = TMNewsController.h; sourceTree = "<group>"; };
		D3751C2117A5A69A00C58FE3 /* TMNewsController.m */ = {isa = PBXFileReference; fileEncoding = 4; lastKnownFileType = sourcecode.c.objc; path = TMNewsController.m; sourceTree = "<group>"; };
		D3751C2317A5A6BA00C58FE3 /* TMNewsCell.h */ = {isa = PBXFileReference; fileEncoding = 4; lastKnownFileType = sourcecode.c.h; path = TMNewsCell.h; sourceTree = "<group>"; };
		D3751C2417A5A6BA00C58FE3 /* TMNewsCell.m */ = {isa = PBXFileReference; fileEncoding = 4; lastKnownFileType = sourcecode.c.objc; path = TMNewsCell.m; sourceTree = "<group>"; };
		D3751C2617A5ABC600C58FE3 /* TMNewsCell.xib */ = {isa = PBXFileReference; fileEncoding = 4; lastKnownFileType = file.xib; path = TMNewsCell.xib; sourceTree = "<group>"; };
		D3751C2817A5AF5C00C58FE3 /* TMNewsDataProvider.h */ = {isa = PBXFileReference; fileEncoding = 4; lastKnownFileType = sourcecode.c.h; path = TMNewsDataProvider.h; sourceTree = "<group>"; };
		D3751C2917A5AF5C00C58FE3 /* TMNewsDataProvider.m */ = {isa = PBXFileReference; fileEncoding = 4; lastKnownFileType = sourcecode.c.objc; path = TMNewsDataProvider.m; sourceTree = "<group>"; };
		D3751C2B17A5AFAC00C58FE3 /* TMNewsController.xib */ = {isa = PBXFileReference; fileEncoding = 4; lastKnownFileType = file.xib; path = TMNewsController.xib; sourceTree = "<group>"; };
		D3751C2D17A5B05D00C58FE3 /* TMNewsTransaction.h */ = {isa = PBXFileReference; fileEncoding = 4; lastKnownFileType = sourcecode.c.h; path = TMNewsTransaction.h; sourceTree = "<group>"; };
		D3751C2E17A5B05D00C58FE3 /* TMNewsTransaction.m */ = {isa = PBXFileReference; fileEncoding = 4; lastKnownFileType = sourcecode.c.objc; path = TMNewsTransaction.m; sourceTree = "<group>"; };
		D3751C3017A5B41700C58FE3 /* TMPlacesTransaction.h */ = {isa = PBXFileReference; fileEncoding = 4; lastKnownFileType = sourcecode.c.h; path = TMPlacesTransaction.h; sourceTree = "<group>"; };
		D3751C3117A5B41700C58FE3 /* TMPlacesTransaction.m */ = {isa = PBXFileReference; fileEncoding = 4; lastKnownFileType = sourcecode.c.objc; path = TMPlacesTransaction.m; sourceTree = "<group>"; };
		D3751C3317A5B58A00C58FE3 /* TMAPIProvider.h */ = {isa = PBXFileReference; fileEncoding = 4; lastKnownFileType = sourcecode.c.h; path = TMAPIProvider.h; sourceTree = "<group>"; };
		D3751C3417A5B58A00C58FE3 /* TMAPIProvider.m */ = {isa = PBXFileReference; fileEncoding = 4; lastKnownFileType = sourcecode.c.objc; path = TMAPIProvider.m; sourceTree = "<group>"; };
		D3751C3617A5B5C600C58FE3 /* TypeDef.h */ = {isa = PBXFileReference; lastKnownFileType = sourcecode.c.h; path = TypeDef.h; sourceTree = "<group>"; };
		D3751C3717A633A000C58FE3 /* TMNewsDetailsController.h */ = {isa = PBXFileReference; fileEncoding = 4; lastKnownFileType = sourcecode.c.h; path = TMNewsDetailsController.h; sourceTree = "<group>"; };
		D3751C3817A633A000C58FE3 /* TMNewsDetailsController.m */ = {isa = PBXFileReference; fileEncoding = 4; lastKnownFileType = sourcecode.c.objc; path = TMNewsDetailsController.m; sourceTree = "<group>"; };
		D3751C3917A633A000C58FE3 /* TMNewsDetailsController.xib */ = {isa = PBXFileReference; fileEncoding = 4; lastKnownFileType = file.xib; path = TMNewsDetailsController.xib; sourceTree = "<group>"; };
		D3751C3C17A6354700C58FE3 /* TMStandardErrorHandler.h */ = {isa = PBXFileReference; fileEncoding = 4; lastKnownFileType = sourcecode.c.h; path = TMStandardErrorHandler.h; sourceTree = "<group>"; };
		D3751C3D17A6354700C58FE3 /* TMStandardErrorHandler.m */ = {isa = PBXFileReference; fileEncoding = 4; lastKnownFileType = sourcecode.c.objc; path = TMStandardErrorHandler.m; sourceTree = "<group>"; };
		D3751C3F17A63CC200C58FE3 /* TMNewsDetailsTransaction.h */ = {isa = PBXFileReference; fileEncoding = 4; lastKnownFileType = sourcecode.c.h; path = TMNewsDetailsTransaction.h; sourceTree = "<group>"; };
		D3751C4017A63CC200C58FE3 /* TMNewsDetailsTransaction.m */ = {isa = PBXFileReference; fileEncoding = 4; lastKnownFileType = sourcecode.c.objc; path = TMNewsDetailsTransaction.m; sourceTree = "<group>"; };
		D3751C4217A63FED00C58FE3 /* NSString+HTML.h */ = {isa = PBXFileReference; fileEncoding = 4; lastKnownFileType = sourcecode.c.h; path = "NSString+HTML.h"; sourceTree = "<group>"; };
		D3751C4317A63FED00C58FE3 /* NSString+HTML.m */ = {isa = PBXFileReference; fileEncoding = 4; lastKnownFileType = sourcecode.c.objc; path = "NSString+HTML.m"; sourceTree = "<group>"; };
		D3751C4517A6423000C58FE3 /* TMBOPlace.h */ = {isa = PBXFileReference; fileEncoding = 4; lastKnownFileType = sourcecode.c.h; path = TMBOPlace.h; sourceTree = "<group>"; };
		D3751C4617A6423000C58FE3 /* TMBOPlace.m */ = {isa = PBXFileReference; fileEncoding = 4; lastKnownFileType = sourcecode.c.objc; path = TMBOPlace.m; sourceTree = "<group>"; };
		D3751C4B17A6488800C58FE3 /* TMPlacesDataProvider.h */ = {isa = PBXFileReference; fileEncoding = 4; lastKnownFileType = sourcecode.c.h; path = TMPlacesDataProvider.h; sourceTree = "<group>"; };
		D3751C4C17A6488800C58FE3 /* TMPlacesDataProvider.m */ = {isa = PBXFileReference; fileEncoding = 4; lastKnownFileType = sourcecode.c.objc; path = TMPlacesDataProvider.m; sourceTree = "<group>"; };
		D3751C4E17A64A4000C58FE3 /* TMPlaceListController.h */ = {isa = PBXFileReference; fileEncoding = 4; lastKnownFileType = sourcecode.c.h; path = TMPlaceListController.h; sourceTree = "<group>"; };
		D3751C4F17A64A4000C58FE3 /* TMPlaceListController.m */ = {isa = PBXFileReference; fileEncoding = 4; lastKnownFileType = sourcecode.c.objc; path = TMPlaceListController.m; sourceTree = "<group>"; };
		D3751C5017A64A4000C58FE3 /* TMPlaceListController.xib */ = {isa = PBXFileReference; fileEncoding = 4; lastKnownFileType = file.xib; path = TMPlaceListController.xib; sourceTree = "<group>"; };
		D3751C5317A64ABF00C58FE3 /* TMNavigationBarHelper.h */ = {isa = PBXFileReference; fileEncoding = 4; lastKnownFileType = sourcecode.c.h; path = TMNavigationBarHelper.h; sourceTree = "<group>"; };
		D3751C5417A64ABF00C58FE3 /* TMNavigationBarHelper.m */ = {isa = PBXFileReference; fileEncoding = 4; lastKnownFileType = sourcecode.c.objc; path = TMNavigationBarHelper.m; sourceTree = "<group>"; };
		D3751C5E17A64DCE00C58FE3 /* TMPlacesCell.h */ = {isa = PBXFileReference; fileEncoding = 4; lastKnownFileType = sourcecode.c.h; path = TMPlacesCell.h; sourceTree = "<group>"; };
		D3751C5F17A64DCE00C58FE3 /* TMPlacesCell.m */ = {isa = PBXFileReference; fileEncoding = 4; lastKnownFileType = sourcecode.c.objc; path = TMPlacesCell.m; sourceTree = "<group>"; };
		D3751C6117A64DF400C58FE3 /* TMPlacesCell.xib */ = {isa = PBXFileReference; fileEncoding = 4; lastKnownFileType = file.xib; path = TMPlacesCell.xib; sourceTree = "<group>"; };
		D3751C6317A653EC00C58FE3 /* TMMapTransaction.h */ = {isa = PBXFileReference; fileEncoding = 4; lastKnownFileType = sourcecode.c.h; path = TMMapTransaction.h; sourceTree = "<group>"; };
		D3751C6417A653EC00C58FE3 /* TMMapTransaction.m */ = {isa = PBXFileReference; fileEncoding = 4; lastKnownFileType = sourcecode.c.objc; path = TMMapTransaction.m; sourceTree = "<group>"; };
		D3751C6617A6540100C58FE3 /* TMPlaceDetailsTransaction.h */ = {isa = PBXFileReference; fileEncoding = 4; lastKnownFileType = sourcecode.c.h; path = TMPlaceDetailsTransaction.h; sourceTree = "<group>"; };
		D3751C6717A6540100C58FE3 /* TMPlaceDetailsTransaction.m */ = {isa = PBXFileReference; fileEncoding = 4; lastKnownFileType = sourcecode.c.objc; path = TMPlaceDetailsTransaction.m; sourceTree = "<group>"; };
		D3751C6917A6544000C58FE3 /* TMPlaceDetailsController.h */ = {isa = PBXFileReference; fileEncoding = 4; lastKnownFileType = sourcecode.c.h; path = TMPlaceDetailsController.h; sourceTree = "<group>"; };
		D3751C6A17A6544000C58FE3 /* TMPlaceDetailsController.m */ = {isa = PBXFileReference; fileEncoding = 4; lastKnownFileType = sourcecode.c.objc; path = TMPlaceDetailsController.m; sourceTree = "<group>"; };
		D3751C6B17A6544000C58FE3 /* TMPlaceDetailsController.xib */ = {isa = PBXFileReference; fileEncoding = 4; lastKnownFileType = file.xib; path = TMPlaceDetailsController.xib; sourceTree = "<group>"; };
		D3751C6E17A6545A00C58FE3 /* TMMapController.h */ = {isa = PBXFileReference; fileEncoding = 4; lastKnownFileType = sourcecode.c.h; path = TMMapController.h; sourceTree = "<group>"; };
		D3751C6F17A6545A00C58FE3 /* TMMapController.m */ = {isa = PBXFileReference; fileEncoding = 4; lastKnownFileType = sourcecode.c.objc; path = TMMapController.m; sourceTree = "<group>"; };
		D3751C7017A6545A00C58FE3 /* TMMapController.xib */ = {isa = PBXFileReference; fileEncoding = 4; lastKnownFileType = file.xib; path = TMMapController.xib; sourceTree = "<group>"; };
		D3751C7317A65AD100C58FE3 /* TMMapHelper.h */ = {isa = PBXFileReference; fileEncoding = 4; lastKnownFileType = sourcecode.c.h; path = TMMapHelper.h; sourceTree = "<group>"; };
		D3751C7417A65AD100C58FE3 /* TMMapHelper.m */ = {isa = PBXFileReference; fileEncoding = 4; lastKnownFileType = sourcecode.c.objc; path = TMMapHelper.m; sourceTree = "<group>"; };
		D3751C7617A65B1400C58FE3 /* MapKit.framework */ = {isa = PBXFileReference; lastKnownFileType = wrapper.framework; name = MapKit.framework; path = System/Library/Frameworks/MapKit.framework; sourceTree = SDKROOT; };
		DEAA98BF6EFB4EE097B6E47D /* libPods.a */ = {isa = PBXFileReference; explicitFileType = archive.ar; includeInIndex = 0; path = libPods.a; sourceTree = BUILT_PRODUCTS_DIR; };
/* End PBXFileReference section */

/* Begin PBXFrameworksBuildPhase section */
		D320237017A528B7000F5B1E /* Frameworks */ = {
			isa = PBXFrameworksBuildPhase;
			buildActionMask = 2147483647;
			files = (
				D3751C7717A65B1400C58FE3 /* MapKit.framework in Frameworks */,
				D3751BE317A56FDD00C58FE3 /* SystemConfiguration.framework in Frameworks */,
				D3751BE117A56FC100C58FE3 /* MobileCoreServices.framework in Frameworks */,
				D320237717A528B7000F5B1E /* UIKit.framework in Frameworks */,
				D320237917A528B7000F5B1E /* Foundation.framework in Frameworks */,
				D320237B17A528B7000F5B1E /* CoreGraphics.framework in Frameworks */,
				D320237D17A528B7000F5B1E /* CoreData.framework in Frameworks */,
				59C8C5CE498C4E17A9EA81C9 /* libPods.a in Frameworks */,
			);
			runOnlyForDeploymentPostprocessing = 0;
		};
/* End PBXFrameworksBuildPhase section */

/* Begin PBXGroup section */
		AA28D01726E2E3A4CFAE2A8F /* Base */ = {
			isa = PBXGroup;
			children = (
				AA28DDB664CF620E1CFF2B1C /* Cell */,
				AA28D9529787A6620A12E66E /* TableBasedController */,
			);
			path = Base;
			sourceTree = "<group>";
		};
		AA28D0187827B3C7E1431E2C /* CommonDataSource */ = {
			isa = PBXGroup;
			children = (
				D3751BF817A5873800C58FE3 /* TMCommonDataSource.h */,
				D3751BF917A5873800C58FE3 /* TMCommonDataSource.m */,
			);
			path = CommonDataSource;
			sourceTree = "<group>";
		};
		AA28D0370D016DE01ECC82B2 /* Controller */ = {
			isa = PBXGroup;
			children = (
				D3751C6917A6544000C58FE3 /* TMPlaceDetailsController.h */,
				D3751C6A17A6544000C58FE3 /* TMPlaceDetailsController.m */,
				D3751C6B17A6544000C58FE3 /* TMPlaceDetailsController.xib */,
			);
			path = Controller;
			sourceTree = "<group>";
		};
		AA28D098A070716B8774E31B /* NewsDetailsController */ = {
			isa = PBXGroup;
			children = (
				AA28D9078699CB7D92F9D2D9 /* Controller */,
			);
			path = NewsDetailsController;
			sourceTree = "<group>";
		};
		AA28D0B1C682136CB26D6630 /* NewsDataProvider */ = {
			isa = PBXGroup;
			children = (
				D3751C2817A5AF5C00C58FE3 /* TMNewsDataProvider.h */,
				D3751C2917A5AF5C00C58FE3 /* TMNewsDataProvider.m */,
			);
			path = NewsDataProvider;
			sourceTree = "<group>";
		};
		AA28D0D5687DB7BCF7291FAF /* CoreData */ = {
			isa = PBXGroup;
			children = (
				AA28D314B702AEEA1E6172A3 /* eNewer.xcdatamodel */,
			);
			path = CoreData;
			sourceTree = "<group>";
		};
		AA28D1300239D0FEF2E5715C /* Cell */ = {
			isa = PBXGroup;
			children = (
				D3751C2317A5A6BA00C58FE3 /* TMNewsCell.h */,
				D3751C2417A5A6BA00C58FE3 /* TMNewsCell.m */,
				D3751C2617A5ABC600C58FE3 /* TMNewsCell.xib */,
			);
			path = Cell;
			sourceTree = "<group>";
		};
		AA28D190F594B50443E070C6 /* Services */ = {
			isa = PBXGroup;
			children = (
				AA28D4B5670EC43B7C9F3E53 /* StandardErrorHandler */,
			);
			name = Services;
			path = eNewer/Services;
			sourceTree = "<group>";
		};
		AA28D1CC3DE93114B6702BB2 /* BLL */ = {
			isa = PBXGroup;
			children = (
			);
			path = BLL;
			sourceTree = "<group>";
		};
		AA28D220B5798745565F08ED /* NSStringCategory */ = {
			isa = PBXGroup;
			children = (
				D3751C4217A63FED00C58FE3 /* NSString+HTML.h */,
				D3751C4317A63FED00C58FE3 /* NSString+HTML.m */,
			);
			path = NSStringCategory;
			sourceTree = "<group>";
		};
		AA28D2B0ED64AE4762A73FD9 /* RestKitMappableModel */ = {
			isa = PBXGroup;
			children = (
				D3751BE917A5769C00C58FE3 /* TMRestKitMappableModel.h */,
			);
			path = RestKitMappableModel;
			sourceTree = "<group>";
		};
		AA28D41B0576200B6E32925F /* PlacesTransaction */ = {
			isa = PBXGroup;
			children = (
				D3751C3017A5B41700C58FE3 /* TMPlacesTransaction.h */,
				D3751C3117A5B41700C58FE3 /* TMPlacesTransaction.m */,
			);
			path = PlacesTransaction;
			sourceTree = "<group>";
		};
		AA28D4B5670EC43B7C9F3E53 /* StandardErrorHandler */ = {
			isa = PBXGroup;
			children = (
				D3751C3C17A6354700C58FE3 /* TMStandardErrorHandler.h */,
				D3751C3D17A6354700C58FE3 /* TMStandardErrorHandler.m */,
			);
			path = StandardErrorHandler;
			sourceTree = "<group>";
		};
		AA28D4E776ED1DE1B4006120 /* Transactions */ = {
			isa = PBXGroup;
			children = (
				AA28D737744A71C5315AC2BE /* TransactionProtocols */,
				AA28D6A5646D2C6E4CD29608 /* MainTransaction */,
				AA28DAD9BF847E8311FF53DF /* MenuTransaction */,
				AA28D697E2DEB5D8B48B1682 /* NewsTransaction */,
				AA28D70FB802470A907B0933 /* NewsDetailsTransaction */,
				AA28D41B0576200B6E32925F /* PlacesTransaction */,
				AA28DABBF95E9A6C4367852D /* MapTransaction */,
				AA28DC0EFC790C02F1822F42 /* PlaceDetailsTransaction */,
			);
			path = Transactions;
			sourceTree = "<group>";
		};
		AA28D52D95D7D0D6DD453A20 /* Controller */ = {
			isa = PBXGroup;
			children = (
				AA28D5680B31BFD4D68A2F8C /* TMMenuController.h */,
				AA28DDC3AB4C8212300E0E91 /* TMMenuController.m */,
				AA28D13E44BBFC649778EC0B /* TMMenuController.xib */,
			);
			path = Controller;
			sourceTree = "<group>";
		};
		AA28D532185A0ED69D29530F /* MapHelper */ = {
			isa = PBXGroup;
			children = (
				D3751C7317A65AD100C58FE3 /* TMMapHelper.h */,
				D3751C7417A65AD100C58FE3 /* TMMapHelper.m */,
			);
			path = MapHelper;
			sourceTree = "<group>";
		};
		AA28D5904907568664A4F7A7 /* MenuController */ = {
			isa = PBXGroup;
			children = (
				AA28D52D95D7D0D6DD453A20 /* Controller */,
				AA28DAA4D818C042CAF05E6E /* Cell */,
			);
			path = MenuController;
			sourceTree = "<group>";
		};
		AA28D5DBC1A7F4771C30B2E1 /* Cell */ = {
			isa = PBXGroup;
			children = (
				D3751C5E17A64DCE00C58FE3 /* TMPlacesCell.h */,
				D3751C5F17A64DCE00C58FE3 /* TMPlacesCell.m */,
				D3751C6117A64DF400C58FE3 /* TMPlacesCell.xib */,
			);
			path = Cell;
			sourceTree = "<group>";
		};
		AA28D5FF499D5B569585E4BB /* Controller */ = {
			isa = PBXGroup;
			children = (
				D3751C2017A5A69A00C58FE3 /* TMNewsController.h */,
				D3751C2117A5A69A00C58FE3 /* TMNewsController.m */,
				D3751C2B17A5AFAC00C58FE3 /* TMNewsController.xib */,
			);
			path = Controller;
			sourceTree = "<group>";
		};
		AA28D697E2DEB5D8B48B1682 /* NewsTransaction */ = {
			isa = PBXGroup;
			children = (
				D3751C2D17A5B05D00C58FE3 /* TMNewsTransaction.h */,
				D3751C2E17A5B05D00C58FE3 /* TMNewsTransaction.m */,
			);
			path = NewsTransaction;
			sourceTree = "<group>";
		};
		AA28D6A5646D2C6E4CD29608 /* MainTransaction */ = {
			isa = PBXGroup;
			children = (
				D3751BF017A5832F00C58FE3 /* TMMainTransaction.h */,
				D3751BF117A5832F00C58FE3 /* TMMainTransaction.m */,
			);
			path = MainTransaction;
			sourceTree = "<group>";
		};
		AA28D70FB802470A907B0933 /* NewsDetailsTransaction */ = {
			isa = PBXGroup;
			children = (
				D3751C3F17A63CC200C58FE3 /* TMNewsDetailsTransaction.h */,
				D3751C4017A63CC200C58FE3 /* TMNewsDetailsTransaction.m */,
			);
			path = NewsDetailsTransaction;
			sourceTree = "<group>";
		};
		AA28D731272ACC005C96EA16 /* GUI */ = {
			isa = PBXGroup;
			children = (
				AA28D01726E2E3A4CFAE2A8F /* Base */,
				AA28DDC25DE403D006DBA6FB /* NewsController */,
				AA28D098A070716B8774E31B /* NewsDetailsController */,
				AA28D5904907568664A4F7A7 /* MenuController */,
				AA28DD5137CD3580B9737A7B /* PlacesListController */,
				AA28D81D22F9831A3823D2F4 /* PlaceDetailsController */,
				AA28D7FCD95823367B4ACA98 /* MapController */,
			);
			path = GUI;
			sourceTree = "<group>";
		};
		AA28D737744A71C5315AC2BE /* TransactionProtocols */ = {
			isa = PBXGroup;
			children = (
				D3751BEE17A582E300C58FE3 /* TMTransaction.h */,
				D3751BEF17A582F600C58FE3 /* TMTransactionWithObject.h */,
			);
			path = TransactionProtocols;
			sourceTree = "<group>";
		};
		AA28D767EAE9E5DD02443243 /* Controller */ = {
			isa = PBXGroup;
			children = (
				D3751C4E17A64A4000C58FE3 /* TMPlaceListController.h */,
				D3751C4F17A64A4000C58FE3 /* TMPlaceListController.m */,
				D3751C5017A64A4000C58FE3 /* TMPlaceListController.xib */,
			);
			path = Controller;
			sourceTree = "<group>";
		};
		AA28D7FCD95823367B4ACA98 /* MapController */ = {
			isa = PBXGroup;
			children = (
				AA28DAC5D8AAC5EA8A244A98 /* Controller */,
			);
			path = MapController;
			sourceTree = "<group>";
		};
		AA28D81D22F9831A3823D2F4 /* PlaceDetailsController */ = {
			isa = PBXGroup;
			children = (
				AA28D0370D016DE01ECC82B2 /* Controller */,
			);
			path = PlaceDetailsController;
			sourceTree = "<group>";
		};
		AA28D9078699CB7D92F9D2D9 /* Controller */ = {
			isa = PBXGroup;
			children = (
				D3751C3717A633A000C58FE3 /* TMNewsDetailsController.h */,
				D3751C3817A633A000C58FE3 /* TMNewsDetailsController.m */,
				D3751C3917A633A000C58FE3 /* TMNewsDetailsController.xib */,
			);
			path = Controller;
			sourceTree = "<group>";
		};
		AA28D91795B79DB7406FB928 /* DataProviders */ = {
			isa = PBXGroup;
			children = (
				AA28DB73D465F111BCEA69CA /* BaseDataProvider */,
				AA28DC8D86C9443C49C21393 /* MenuDataProvider */,
				AA28D0B1C682136CB26D6630 /* NewsDataProvider */,
				AA28DC4BD395E00B863829E8 /* PlacesDataProvider */,
			);
			path = DataProviders;
			sourceTree = "<group>";
		};
		AA28D929F991E2712BD7299C /* APIProvider */ = {
			isa = PBXGroup;
			children = (
				D3751C3317A5B58A00C58FE3 /* TMAPIProvider.h */,
				D3751C3417A5B58A00C58FE3 /* TMAPIProvider.m */,
			);
			path = APIProvider;
			sourceTree = "<group>";
		};
		AA28D932227DE041CFEE9DC3 /* Partner */ = {
			isa = PBXGroup;
			children = (
				AA28D0404B427AC3FBCD8922 /* TMBOPartner.h */,
				AA28D754246F79DF2FC2945D /* TMBOPartner.m */,
			);
			path = Partner;
			sourceTree = "<group>";
		};
		AA28D9417864BEBAC6D4BBBF /* Extensions */ = {
			isa = PBXGroup;
			children = (
				AA28D220B5798745565F08ED /* NSStringCategory */,
			);
			path = Extensions;
			sourceTree = "<group>";
		};
		AA28D9529787A6620A12E66E /* TableBasedController */ = {
			isa = PBXGroup;
			children = (
				D3751C1717A5952200C58FE3 /* TMTableBasedController.h */,
				D3751C1817A5952200C58FE3 /* TMTableBasedController.m */,
			);
			path = TableBasedController;
			sourceTree = "<group>";
		};
		AA28D994DBCD75D7A2AE661F /* Images */ = {
			isa = PBXGroup;
			children = (
				AA28DB3A7D58A82C7CA889CE /* places@2x.png */,
				AA28DD7C290EAF2A7B49F970 /* planet@2x.png */,
				AA28DACB0B0F5D38B5978947 /* news.png */,
				AA28D38F9194FC7B1D207BEF /* places.png */,
				AA28DBA46EE1636FDDA98A81 /* planet.png */,
				AA28D2CEC77FA63678FAB79A /* news@2x.png */,
			);
			path = Images;
			sourceTree = "<group>";
		};
		AA28DA8414A18A72E53F5AF6 /* Resources */ = {
			isa = PBXGroup;
			children = (
				AA28D994DBCD75D7A2AE661F /* Images */,
			);
			path = Resources;
			sourceTree = "<group>";
		};
		AA28DAA4D818C042CAF05E6E /* Cell */ = {
			isa = PBXGroup;
			children = (
				D3751C0217A58A5D00C58FE3 /* TMMenuCell.h */,
				D3751C0317A58A5D00C58FE3 /* TMMenuCell.m */,
				D3751C0517A58ADB00C58FE3 /* TMMenuCell.xib */,
			);
			path = Cell;
			sourceTree = "<group>";
		};
		AA28DABBF95E9A6C4367852D /* MapTransaction */ = {
			isa = PBXGroup;
			children = (
				D3751C6317A653EC00C58FE3 /* TMMapTransaction.h */,
				D3751C6417A653EC00C58FE3 /* TMMapTransaction.m */,
			);
			path = MapTransaction;
			sourceTree = "<group>";
		};
		AA28DAC5D8AAC5EA8A244A98 /* Controller */ = {
			isa = PBXGroup;
			children = (
				D3751C6E17A6545A00C58FE3 /* TMMapController.h */,
				D3751C6F17A6545A00C58FE3 /* TMMapController.m */,
				D3751C7017A6545A00C58FE3 /* TMMapController.xib */,
			);
			path = Controller;
			sourceTree = "<group>";
		};
		AA28DAD9BF847E8311FF53DF /* MenuTransaction */ = {
			isa = PBXGroup;
			children = (
				D3751C1D17A5A37E00C58FE3 /* TMMenuTransaction.h */,
				D3751C1E17A5A37E00C58FE3 /* TMMenuTransaction.m */,
			);
			path = MenuTransaction;
			sourceTree = "<group>";
		};
		AA28DB73D465F111BCEA69CA /* BaseDataProvider */ = {
			isa = PBXGroup;
			children = (
				D3751BFC17A5882F00C58FE3 /* TMBaseDataProvider.h */,
				D3751BFD17A5882F00C58FE3 /* TMBaseDataProvider.m */,
			);
			path = BaseDataProvider;
			sourceTree = "<group>";
		};
		AA28DC0EFC790C02F1822F42 /* PlaceDetailsTransaction */ = {
			isa = PBXGroup;
			children = (
				D3751C6617A6540100C58FE3 /* TMPlaceDetailsTransaction.h */,
				D3751C6717A6540100C58FE3 /* TMPlaceDetailsTransaction.m */,
			);
			path = PlaceDetailsTransaction;
			sourceTree = "<group>";
		};
		AA28DC4BD395E00B863829E8 /* PlacesDataProvider */ = {
			isa = PBXGroup;
			children = (
				D3751C4B17A6488800C58FE3 /* TMPlacesDataProvider.h */,
				D3751C4C17A6488800C58FE3 /* TMPlacesDataProvider.m */,
			);
			path = PlacesDataProvider;
			sourceTree = "<group>";
		};
		AA28DC8D86C9443C49C21393 /* MenuDataProvider */ = {
			isa = PBXGroup;
			children = (
				D3751C1A17A599A100C58FE3 /* TMMenuDataProvider.h */,
				D3751C1B17A599A100C58FE3 /* TMMenuDataProvider.m */,
			);
			path = MenuDataProvider;
			sourceTree = "<group>";
		};
		AA28DD03F97C668A2903BF28 /* CellSelectionProtocol */ = {
			isa = PBXGroup;
			children = (
				D3751BFB17A587D800C58FE3 /* TMCellSelectionProtocol.h */,
			);
			path = CellSelectionProtocol;
			sourceTree = "<group>";
		};
		AA28DD1C7F95636183FD4B1F /* DataSources */ = {
			isa = PBXGroup;
			children = (
				AA28D0187827B3C7E1431E2C /* CommonDataSource */,
				AA28DD03F97C668A2903BF28 /* CellSelectionProtocol */,
			);
			path = DataSources;
			sourceTree = "<group>";
		};
		AA28DD305D8B20B8DE946969 /* Place */ = {
			isa = PBXGroup;
			children = (
				D3751C4517A6423000C58FE3 /* TMBOPlace.h */,
				D3751C4617A6423000C58FE3 /* TMBOPlace.m */,
			);
			path = Place;
			sourceTree = "<group>";
		};
		AA28DD5137CD3580B9737A7B /* PlacesListController */ = {
			isa = PBXGroup;
			children = (
				AA28D767EAE9E5DD02443243 /* Controller */,
				AA28D5DBC1A7F4771C30B2E1 /* Cell */,
			);
			path = PlacesListController;
			sourceTree = "<group>";
		};
		AA28DD583D6735ACDA8998CB /* DAL */ = {
			isa = PBXGroup;
			children = (
				AA28D929F991E2712BD7299C /* APIProvider */,
				AA28D2B0ED64AE4762A73FD9 /* RestKitMappableModel */,
				D3751BEA17A57CE300C58FE3 /* RestKitManager */,
			);
			path = DAL;
			sourceTree = "<group>";
		};
		AA28DDB664CF620E1CFF2B1C /* Cell */ = {
			isa = PBXGroup;
			children = (
				D3751BFF17A5890000C58FE3 /* TMBaseCell.h */,
				D3751C0017A5890000C58FE3 /* TMBaseCell.m */,
			);
			path = Cell;
			sourceTree = "<group>";
		};
		AA28DDC25DE403D006DBA6FB /* NewsController */ = {
			isa = PBXGroup;
			children = (
				AA28D5FF499D5B569585E4BB /* Controller */,
				AA28D1300239D0FEF2E5715C /* Cell */,
			);
			path = NewsController;
			sourceTree = "<group>";
		};
		AA28DE1E318E72E150F1824E /* News */ = {
			isa = PBXGroup;
			children = (
				AA28D0101B64455C381F25D7 /* TMBONews.h */,
				AA28D3567350D53E2A8D0FD6 /* TMBONews.m */,
			);
			path = News;
			sourceTree = "<group>";
		};
		AA28DE6970B7A5FCA171FA34 /* BO */ = {
			isa = PBXGroup;
			children = (
				AA28DE1E318E72E150F1824E /* News */,
				AA28DD305D8B20B8DE946969 /* Place */,
				AA28D932227DE041CFEE9DC3 /* Partner */,
				AA28DEEBB0656514FE5EF140 /* GeoPosition */,
			);
			path = BO;
			sourceTree = "<group>";
		};
		AA28DEE8EEFC28542D05E530 /* Helpers */ = {
			isa = PBXGroup;
			children = (
				AA28DFD2553B2163E27F57AB /* NavigationBarHelper */,
				AA28D532185A0ED69D29530F /* MapHelper */,
			);
			path = Helpers;
			sourceTree = "<group>";
		};
		AA28DEEBB0656514FE5EF140 /* GeoPosition */ = {
			isa = PBXGroup;
			children = (
				AA28D170D659A2B4694CD41C /* TMBOGeoPosition.h */,
				AA28DDC2089549E38DCAEA90 /* TMBOGeoPosition.m */,
			);
			path = GeoPosition;
			sourceTree = "<group>";
		};
		AA28DFD2553B2163E27F57AB /* NavigationBarHelper */ = {
			isa = PBXGroup;
			children = (
				D3751C5317A64ABF00C58FE3 /* TMNavigationBarHelper.h */,
				D3751C5417A64ABF00C58FE3 /* TMNavigationBarHelper.m */,
			);
			path = NavigationBarHelper;
			sourceTree = "<group>";
		};
		D320236A17A528B7000F5B1E = {
			isa = PBXGroup;
			children = (
				D320237E17A528B7000F5B1E /* eNewer */,
				D320237517A528B7000F5B1E /* Frameworks */,
				AA28D190F594B50443E070C6 /* Services */,
				D320237417A528B7000F5B1E /* Products */,
				9D173F426770446C995E4153 /* Pods.xcconfig */,
			);
			sourceTree = "<group>";
		};
		D320237417A528B7000F5B1E /* Products */ = {
			isa = PBXGroup;
			children = (
				D320237317A528B7000F5B1E /* eNewer.app */,
			);
			name = Products;
			sourceTree = "<group>";
		};
		D320237517A528B7000F5B1E /* Frameworks */ = {
			isa = PBXGroup;
			children = (
				D3751C7617A65B1400C58FE3 /* MapKit.framework */,
				D3751BE217A56FDD00C58FE3 /* SystemConfiguration.framework */,
				D3751BE017A56FC100C58FE3 /* MobileCoreServices.framework */,
				D320237617A528B7000F5B1E /* UIKit.framework */,
				D320237817A528B7000F5B1E /* Foundation.framework */,
				D320237A17A528B7000F5B1E /* CoreGraphics.framework */,
				D320237C17A528B7000F5B1E /* CoreData.framework */,
				DEAA98BF6EFB4EE097B6E47D /* libPods.a */,
			);
			name = Frameworks;
			sourceTree = "<group>";
		};
		D320237E17A528B7000F5B1E /* eNewer */ = {
			isa = PBXGroup;
			children = (
				AA28D0D5687DB7BCF7291FAF /* CoreData */,
				AA28DE6970B7A5FCA171FA34 /* BO */,
				AA28D1CC3DE93114B6702BB2 /* BLL */,
				AA28DD583D6735ACDA8998CB /* DAL */,
				AA28D731272ACC005C96EA16 /* GUI */,
				D320237F17A528B7000F5B1E /* Supporting Files */,
				AA28D9417864BEBAC6D4BBBF /* Extensions */,
				AA28DEE8EEFC28542D05E530 /* Helpers */,
				D3751BE417A5736900C58FE3 /* AppDelegate */,
				AA28D4E776ED1DE1B4006120 /* Transactions */,
				AA28DD1C7F95636183FD4B1F /* DataSources */,
				AA28D91795B79DB7406FB928 /* DataProviders */,
				AA28DA8414A18A72E53F5AF6 /* Resources */,
			);
			path = eNewer;
			sourceTree = "<group>";
		};
		D320237F17A528B7000F5B1E /* Supporting Files */ = {
			isa = PBXGroup;
			children = (
				D320238017A528B7000F5B1E /* eNewer-Info.plist */,
				D320238117A528B7000F5B1E /* InfoPlist.strings */,
				D320238417A528B7000F5B1E /* main.m */,
				D320238617A528B7000F5B1E /* eNewer-Prefix.pch */,
				D320238A17A528B7000F5B1E /* Default.png */,
				D320238C17A528B7000F5B1E /* Default@2x.png */,
				D320238E17A528B7000F5B1E /* Default-568h@2x.png */,
				D3751BE817A5738F00C58FE3 /* Defines.h */,
				D3751C3617A5B5C600C58FE3 /* TypeDef.h */,
			);
			name = "Supporting Files";
			sourceTree = "<group>";
		};
		D3751BE417A5736900C58FE3 /* AppDelegate */ = {
			isa = PBXGroup;
			children = (
				D3751BE517A5736900C58FE3 /* TMAppDelegate.h */,
				D3751BE617A5736900C58FE3 /* TMAppDelegate.m */,
			);
			path = AppDelegate;
			sourceTree = "<group>";
		};
		D3751BEA17A57CE300C58FE3 /* RestKitManager */ = {
			isa = PBXGroup;
			children = (
				D3751BEB17A57CE300C58FE3 /* TMRestKitManager.h */,
				D3751BEC17A57CE300C58FE3 /* TMRestKitManager.m */,
			);
			path = RestKitManager;
			sourceTree = "<group>";
		};
/* End PBXGroup section */

/* Begin PBXNativeTarget section */
		D320237217A528B7000F5B1E /* eNewer */ = {
			isa = PBXNativeTarget;
			buildConfigurationList = D320239517A528B7000F5B1E /* Build configuration list for PBXNativeTarget "eNewer" */;
			buildPhases = (
				143531C52BD043DBA91F727C /* Check Pods Manifest.lock */,
				D320236F17A528B7000F5B1E /* Sources */,
				D320237017A528B7000F5B1E /* Frameworks */,
				D320237117A528B7000F5B1E /* Resources */,
				5ECC835DAFB14B7FB78DAE2B /* Copy Pods Resources */,
			);
			buildRules = (
			);
			dependencies = (
			);
			name = eNewer;
			productName = eNewer;
			productReference = D320237317A528B7000F5B1E /* eNewer.app */;
			productType = "com.apple.product-type.application";
		};
/* End PBXNativeTarget section */

/* Begin PBXProject section */
		D320236B17A528B7000F5B1E /* Project object */ = {
			isa = PBXProject;
			attributes = {
				CLASSPREFIX = TM;
				LastUpgradeCheck = 0460;
				ORGANIZATIONNAME = "Vlad Korzun";
			};
			buildConfigurationList = D320236E17A528B7000F5B1E /* Build configuration list for PBXProject "eNewer" */;
			compatibilityVersion = "Xcode 3.2";
			developmentRegion = English;
			hasScannedForEncodings = 0;
			knownRegions = (
				en,
			);
			mainGroup = D320236A17A528B7000F5B1E;
			productRefGroup = D320237417A528B7000F5B1E /* Products */;
			projectDirPath = "";
			projectRoot = "";
			targets = (
				D320237217A528B7000F5B1E /* eNewer */,
			);
		};
/* End PBXProject section */

/* Begin PBXResourcesBuildPhase section */
		D320237117A528B7000F5B1E /* Resources */ = {
			isa = PBXResourcesBuildPhase;
			buildActionMask = 2147483647;
			files = (
				D320238317A528B7000F5B1E /* InfoPlist.strings in Resources */,
				D320238B17A528B7000F5B1E /* Default.png in Resources */,
				D320238D17A528B7000F5B1E /* Default@2x.png in Resources */,
				D320238F17A528B7000F5B1E /* Default-568h@2x.png in Resources */,
				AA28DB4D6E27CF95A178EB5C /* TMMenuController.xib in Resources */,
				D3751C0617A58ADB00C58FE3 /* TMMenuCell.xib in Resources */,
				D3751C2717A5ABC600C58FE3 /* TMNewsCell.xib in Resources */,
				D3751C2C17A5AFAC00C58FE3 /* TMNewsController.xib in Resources */,
				D3751C3B17A633A000C58FE3 /* TMNewsDetailsController.xib in Resources */,
				D3751C5217A64A4000C58FE3 /* TMPlaceListController.xib in Resources */,
				AA28D879F085E4AA3854A544 /* places@2x.png in Resources */,
				AA28D2B3B5BAF5E762E580AD /* planet@2x.png in Resources */,
				AA28D84CAB8FF504C94ECE2A /* news.png in Resources */,
				AA28DA3BAF742C4AB6B3186B /* places.png in Resources */,
				AA28D1AE52CAA0AF63E52953 /* planet.png in Resources */,
				AA28D91C39B0C572CC336484 /* news@2x.png in Resources */,
				D3751C6217A64DF400C58FE3 /* TMPlacesCell.xib in Resources */,
				D3751C6D17A6544000C58FE3 /* TMPlaceDetailsController.xib in Resources */,
				D3751C7217A6545A00C58FE3 /* TMMapController.xib in Resources */,
			);
			runOnlyForDeploymentPostprocessing = 0;
		};
/* End PBXResourcesBuildPhase section */

/* Begin PBXShellScriptBuildPhase section */
		143531C52BD043DBA91F727C /* Check Pods Manifest.lock */ = {
			isa = PBXShellScriptBuildPhase;
			buildActionMask = 2147483647;
			files = (
			);
			inputPaths = (
			);
			name = "Check Pods Manifest.lock";
			outputPaths = (
			);
			runOnlyForDeploymentPostprocessing = 0;
			shellPath = /bin/sh;
			shellScript = "diff \"${PODS_ROOT}/../Podfile.lock\" \"${PODS_ROOT}/Manifest.lock\" > /dev/null\nif [[ $? != 0 ]] ; then\n    cat << EOM\nerror: The sanbox is not in sync with the Podfile.lock. Run 'pod install'.\nEOM\n    exit 1\nfi\n";
		};
		5ECC835DAFB14B7FB78DAE2B /* Copy Pods Resources */ = {
			isa = PBXShellScriptBuildPhase;
			buildActionMask = 2147483647;
			files = (
			);
			inputPaths = (
			);
			name = "Copy Pods Resources";
			outputPaths = (
			);
			runOnlyForDeploymentPostprocessing = 0;
			shellPath = /bin/sh;
			shellScript = "\"${SRCROOT}/Pods/Pods-resources.sh\"\n";
		};
/* End PBXShellScriptBuildPhase section */

/* Begin PBXSourcesBuildPhase section */
		D320236F17A528B7000F5B1E /* Sources */ = {
			isa = PBXSourcesBuildPhase;
			buildActionMask = 2147483647;
			files = (
				D320238517A528B7000F5B1E /* main.m in Sources */,
				AA28D187C720A197731FD5BF /* eNewer.xcdatamodel in Sources */,
				AA28D89F3FB75AA868863E26 /* TMBONews.m in Sources */,
				AA28D0598F5172114000C995 /* TMBOPartner.m in Sources */,
				D3751BE717A5736900C58FE3 /* TMAppDelegate.m in Sources */,
				D3751BED17A57CE300C58FE3 /* TMRestKitManager.m in Sources */,
				D3751BF217A5832F00C58FE3 /* TMMainTransaction.m in Sources */,
				D3751BFA17A5873800C58FE3 /* TMCommonDataSource.m in Sources */,
				D3751BFE17A5882F00C58FE3 /* TMBaseDataProvider.m in Sources */,
				D3751C0117A5890000C58FE3 /* TMBaseCell.m in Sources */,
				AA28D04D13B966252C088E09 /* TMMenuController.m in Sources */,
				D3751C0417A58A5D00C58FE3 /* TMMenuCell.m in Sources */,
				D3751C1917A5952200C58FE3 /* TMTableBasedController.m in Sources */,
				D3751C1C17A599A100C58FE3 /* TMMenuDataProvider.m in Sources */,
				D3751C1F17A5A37E00C58FE3 /* TMMenuTransaction.m in Sources */,
				D3751C2217A5A69A00C58FE3 /* TMNewsController.m in Sources */,
				D3751C2517A5A6BA00C58FE3 /* TMNewsCell.m in Sources */,
				D3751C2A17A5AF5C00C58FE3 /* TMNewsDataProvider.m in Sources */,
				D3751C2F17A5B05D00C58FE3 /* TMNewsTransaction.m in Sources */,
				D3751C3217A5B41700C58FE3 /* TMPlacesTransaction.m in Sources */,
				D3751C3517A5B58A00C58FE3 /* TMAPIProvider.m in Sources */,
				D3751C3A17A633A000C58FE3 /* TMNewsDetailsController.m in Sources */,
				D3751C3E17A6354700C58FE3 /* TMStandardErrorHandler.m in Sources */,
				D3751C4117A63CC200C58FE3 /* TMNewsDetailsTransaction.m in Sources */,
				D3751C4417A63FED00C58FE3 /* NSString+HTML.m in Sources */,
				D3751C4717A6423000C58FE3 /* TMBOPlace.m in Sources */,
				AA28D6C8C4B2D3C419730085 /* TMBOGeoPosition.m in Sources */,
				D3751C4D17A6488800C58FE3 /* TMPlacesDataProvider.m in Sources */,
				D3751C5117A64A4000C58FE3 /* TMPlaceListController.m in Sources */,
				D3751C5517A64ABF00C58FE3 /* TMNavigationBarHelper.m in Sources */,
				D3751C6017A64DCE00C58FE3 /* TMPlacesCell.m in Sources */,
				D3751C6517A653EC00C58FE3 /* TMMapTransaction.m in Sources */,
				D3751C6817A6540100C58FE3 /* TMPlaceDetailsTransaction.m in Sources */,
				D3751C6C17A6544000C58FE3 /* TMPlaceDetailsController.m in Sources */,
				D3751C7117A6545A00C58FE3 /* TMMapController.m in Sources */,
				D3751C7517A65AD100C58FE3 /* TMMapHelper.m in Sources */,
			);
			runOnlyForDeploymentPostprocessing = 0;
		};
/* End PBXSourcesBuildPhase section */

/* Begin PBXVariantGroup section */
		D320238117A528B7000F5B1E /* InfoPlist.strings */ = {
			isa = PBXVariantGroup;
			children = (
				D320238217A528B7000F5B1E /* en */,
			);
			name = InfoPlist.strings;
			sourceTree = "<group>";
		};
/* End PBXVariantGroup section */

/* Begin XCBuildConfiguration section */
		D320239317A528B7000F5B1E /* Debug */ = {
			isa = XCBuildConfiguration;
			buildSettings = {
				ALWAYS_SEARCH_USER_PATHS = NO;
				CLANG_CXX_LANGUAGE_STANDARD = "gnu++0x";
				CLANG_CXX_LIBRARY = "libc++";
				CLANG_ENABLE_OBJC_ARC = YES;
				CLANG_WARN_CONSTANT_CONVERSION = YES;
				CLANG_WARN_EMPTY_BODY = YES;
				CLANG_WARN_ENUM_CONVERSION = YES;
				CLANG_WARN_INT_CONVERSION = YES;
				CLANG_WARN__DUPLICATE_METHOD_MATCH = YES;
				"CODE_SIGN_IDENTITY[sdk=iphoneos*]" = "iPhone Developer";
				COPY_PHASE_STRIP = NO;
				GCC_C_LANGUAGE_STANDARD = gnu99;
				GCC_DYNAMIC_NO_PIC = NO;
				GCC_OPTIMIZATION_LEVEL = 0;
				GCC_PREPROCESSOR_DEFINITIONS = (
					"DEBUG=1",
					"$(inherited)",
				);
				GCC_SYMBOLS_PRIVATE_EXTERN = NO;
				GCC_WARN_ABOUT_RETURN_TYPE = YES;
				GCC_WARN_UNINITIALIZED_AUTOS = YES;
				GCC_WARN_UNUSED_VARIABLE = YES;
				IPHONEOS_DEPLOYMENT_TARGET = 6.1;
				ONLY_ACTIVE_ARCH = YES;
				SDKROOT = iphoneos;
			};
			name = Debug;
		};
		D320239417A528B7000F5B1E /* Release */ = {
			isa = XCBuildConfiguration;
			buildSettings = {
				ALWAYS_SEARCH_USER_PATHS = NO;
				CLANG_CXX_LANGUAGE_STANDARD = "gnu++0x";
				CLANG_CXX_LIBRARY = "libc++";
				CLANG_ENABLE_OBJC_ARC = YES;
				CLANG_WARN_CONSTANT_CONVERSION = YES;
				CLANG_WARN_EMPTY_BODY = YES;
				CLANG_WARN_ENUM_CONVERSION = YES;
				CLANG_WARN_INT_CONVERSION = YES;
				CLANG_WARN__DUPLICATE_METHOD_MATCH = YES;
				"CODE_SIGN_IDENTITY[sdk=iphoneos*]" = "iPhone Developer";
				COPY_PHASE_STRIP = YES;
				GCC_C_LANGUAGE_STANDARD = gnu99;
				GCC_WARN_ABOUT_RETURN_TYPE = YES;
				GCC_WARN_UNINITIALIZED_AUTOS = YES;
				GCC_WARN_UNUSED_VARIABLE = YES;
				IPHONEOS_DEPLOYMENT_TARGET = 6.1;
				OTHER_CFLAGS = "-DNS_BLOCK_ASSERTIONS=1";
				SDKROOT = iphoneos;
				VALIDATE_PRODUCT = YES;
			};
			name = Release;
		};
		D320239617A528B7000F5B1E /* Debug */ = {
			isa = XCBuildConfiguration;
			baseConfigurationReference = 9D173F426770446C995E4153 /* Pods.xcconfig */;
			buildSettings = {
				GCC_PRECOMPILE_PREFIX_HEADER = YES;
				GCC_PREFIX_HEADER = "eNewer/eNewer-Prefix.pch";
				INFOPLIST_FILE = "eNewer/eNewer-Info.plist";
				PRODUCT_NAME = "$(TARGET_NAME)";
				WRAPPER_EXTENSION = app;
			};
			name = Debug;
		};
		D320239717A528B7000F5B1E /* Release */ = {
			isa = XCBuildConfiguration;
			baseConfigurationReference = 9D173F426770446C995E4153 /* Pods.xcconfig */;
			buildSettings = {
				GCC_PRECOMPILE_PREFIX_HEADER = YES;
				GCC_PREFIX_HEADER = "eNewer/eNewer-Prefix.pch";
				INFOPLIST_FILE = "eNewer/eNewer-Info.plist";
				PRODUCT_NAME = "$(TARGET_NAME)";
				WRAPPER_EXTENSION = app;
			};
			name = Release;
		};
/* End XCBuildConfiguration section */

/* Begin XCConfigurationList section */
		D320236E17A528B7000F5B1E /* Build configuration list for PBXProject "eNewer" */ = {
			isa = XCConfigurationList;
			buildConfigurations = (
				D320239317A528B7000F5B1E /* Debug */,
				D320239417A528B7000F5B1E /* Release */,
			);
			defaultConfigurationIsVisible = 0;
			defaultConfigurationName = Release;
		};
		D320239517A528B7000F5B1E /* Build configuration list for PBXNativeTarget "eNewer" */ = {
			isa = XCConfigurationList;
			buildConfigurations = (
				D320239617A528B7000F5B1E /* Debug */,
				D320239717A528B7000F5B1E /* Release */,
			);
			defaultConfigurationIsVisible = 0;
			defaultConfigurationName = Release;
		};
/* End XCConfigurationList section */
	};
	rootObject = D320236B17A528B7000F5B1E /* Project object */;
}
